
Microsoft Visual Studio Solution File, Format Version 12.00
# Visual Studio 14
VisualStudioVersion = 14.0.25420.1
MinimumVisualStudioVersion = 10.0.40219.1
Project("{FAE04EC0-301F-11D3-BF4B-00C04F79EFBC}") = "yys_yuhun10_", "yys_yuhun10_\yys_yuhun10_.csproj", "{34E7345C-9D32-4CBF-ABC4-F306FE529E8E}"
EndProject
Global
	GlobalSection(SolutionConfigurationPlatforms) = preSolution
		Debug|Any CPU = Debug|Any CPU
		Release|Any CPU = Release|Any CPU
	EndGlobalSection
	GlobalSection(ProjectConfigurationPlatforms) = postSolution
		{34E7345C-9D32-4CBF-ABC4-F306FE529E8E}.Debug|Any CPU.ActiveCfg = Debug|Any CPU
		{34E7345C-9D32-4CBF-ABC4-F306FE529E8E}.Debug|Any CPU.Build.0 = Debug|Any CPU
		{34E7345C-9D32-4CBF-ABC4-F306FE529E8E}.Release|Any CPU.ActiveCfg = Release|Any CPU
		{34E7345C-9D32-4CBF-ABC4-F306FE529E8E}.Release|Any CPU.Build.0 = Release|Any CPU
	EndGlobalSection
	GlobalSection(SolutionProperties) = preSolution
		HideSolutionNode = FALSE
	EndGlobalSection
EndGlobal
